
Microsoft Visual Studio Solution File, Format Version 12.00
# Visual Studio Version 16
VisualStudioVersion = 16.0.29306.81
MinimumVisualStudioVersion = 10.0.40219.1
Project("{2150E333-8FDC-42A3-9474-1A3956D46DE8}") = "1_UI", "1_UI", "{150D87AA-2B17-4DAD-96B9-B143FBC3EA10}"
EndProject
Project("{2150E333-8FDC-42A3-9474-1A3956D46DE8}") = "2_Server", "2_Server", "{0540F77F-9D2B-4E63-B446-F65C048EA5C6}"
EndProject
Project("{2150E333-8FDC-42A3-9474-1A3956D46DE8}") = "3_Repository", "3_Repository", "{7C5EBEE2-69DE-4676-8B82-66813AF2B322}"
EndProject
Project("{2150E333-8FDC-42A3-9474-1A3956D46DE8}") = "4_Data", "4_Data", "{38DFA0FA-D168-40A3-9A56-EA76DF6F76E1}"
EndProject
Project("{2150E333-8FDC-42A3-9474-1A3956D46DE8}") = "5_Model", "5_Model", "{32AF1B52-6138-4D83-8E65-8423F03AF76B}"
EndProject
Project("{2150E333-8FDC-42A3-9474-1A3956D46DE8}") = "6_Infrastructure", "6_Infrastructure", "{91429953-961D-4DF0-A667-ADEF59709746}"
EndProject
Project("{2150E333-8FDC-42A3-9474-1A3956D46DE8}") = "7_Test", "7_Test", "{C48F0536-436A-4801-A395-4789A2248B7E}"
EndProject
Project("{9A19103F-16F7-4668-BE54-9A1E7A4F7556}") = "SPY.Admin", "UI\SPY.Admin\SPY.Admin.csproj", "{50E4C6BA-C882-40D7-A73E-9BD319F23336}"
EndProject
Project("{9A19103F-16F7-4668-BE54-9A1E7A4F7556}") = "SPY.Site", "UI\SPY.Site\SPY.Site.csproj", "{B595F98B-C581-4633-9209-3E7CFF814F51}"
EndProject
Project("{9A19103F-16F7-4668-BE54-9A1E7A4F7556}") = "SPY.DB.Model", "Model\SPY.DB.Model\SPY.DB.Model.csproj", "{33D886C8-34BA-47FA-892C-CA4BBB109C14}"
EndProject
Project("{9A19103F-16F7-4668-BE54-9A1E7A4F7556}") = "SPY.Data", "Data\SPY.Data\SPY.Data.csproj", "{D6D1A316-37F5-4A0D-81D1-4D5A48FB0610}"
EndProject
Project("{9A19103F-16F7-4668-BE54-9A1E7A4F7556}") = "SPY.View.Model", "Model\SPY.View.Model\SPY.View.Model.csproj", "{FF8A4DB7-C714-4F50-BA99-F58DCDD947EE}"
EndProject
Project("{9A19103F-16F7-4668-BE54-9A1E7A4F7556}") = "SPY.Core", "Infrastructure\SPY.Core\SPY.Core.csproj", "{A3546C74-2B97-4AFF-98AE-1974EC4FBCAD}"
EndProject
Project("{9A19103F-16F7-4668-BE54-9A1E7A4F7556}") = "SPY.IRepository", "Repository\SPY.IRepository\SPY.IRepository.csproj", "{B9B7FB2F-3F8E-47B7-82E0-DABF8BB9319D}"
EndProject
Project("{9A19103F-16F7-4668-BE54-9A1E7A4F7556}") = "SPY.Repository.SqlServer", "Repository\SPY.Repository.SqlServer\SPY.Repository.SqlServer.csproj", "{5FEE956D-EF6C-4C06-897F-5DD86A423E78}"
EndProject
Global
	GlobalSection(SolutionConfigurationPlatforms) = preSolution
		Debug|Any CPU = Debug|Any CPU
		Release|Any CPU = Release|Any CPU
	EndGlobalSection
	GlobalSection(ProjectConfigurationPlatforms) = postSolution
		{50E4C6BA-C882-40D7-A73E-9BD319F23336}.Debug|Any CPU.ActiveCfg = Debug|Any CPU
		{50E4C6BA-C882-40D7-A73E-9BD319F23336}.Debug|Any CPU.Build.0 = Debug|Any CPU
		{50E4C6BA-C882-40D7-A73E-9BD319F23336}.Release|Any CPU.ActiveCfg = Release|Any CPU
		{50E4C6BA-C882-40D7-A73E-9BD319F23336}.Release|Any CPU.Build.0 = Release|Any CPU
		{B595F98B-C581-4633-9209-3E7CFF814F51}.Debug|Any CPU.ActiveCfg = Debug|Any CPU
		{B595F98B-C581-4633-9209-3E7CFF814F51}.Debug|Any CPU.Build.0 = Debug|Any CPU
		{B595F98B-C581-4633-9209-3E7CFF814F51}.Release|Any CPU.ActiveCfg = Release|Any CPU
		{B595F98B-C581-4633-9209-3E7CFF814F51}.Release|Any CPU.Build.0 = Release|Any CPU
		{33D886C8-34BA-47FA-892C-CA4BBB109C14}.Debug|Any CPU.ActiveCfg = Debug|Any CPU
		{33D886C8-34BA-47FA-892C-CA4BBB109C14}.Debug|Any CPU.Build.0 = Debug|Any CPU
		{33D886C8-34BA-47FA-892C-CA4BBB109C14}.Release|Any CPU.ActiveCfg = Release|Any CPU
		{33D886C8-34BA-47FA-892C-CA4BBB109C14}.Release|Any CPU.Build.0 = Release|Any CPU
		{D6D1A316-37F5-4A0D-81D1-4D5A48FB0610}.Debug|Any CPU.ActiveCfg = Debug|Any CPU
		{D6D1A316-37F5-4A0D-81D1-4D5A48FB0610}.Debug|Any CPU.Build.0 = Debug|Any CPU
		{D6D1A316-37F5-4A0D-81D1-4D5A48FB0610}.Release|Any CPU.ActiveCfg = Release|Any CPU
		{D6D1A316-37F5-4A0D-81D1-4D5A48FB0610}.Release|Any CPU.Build.0 = Release|Any CPU
		{FF8A4DB7-C714-4F50-BA99-F58DCDD947EE}.Debug|Any CPU.ActiveCfg = Debug|Any CPU
		{FF8A4DB7-C714-4F50-BA99-F58DCDD947EE}.Debug|Any CPU.Build.0 = Debug|Any CPU
		{FF8A4DB7-C714-4F50-BA99-F58DCDD947EE}.Release|Any CPU.ActiveCfg = Release|Any CPU
		{FF8A4DB7-C714-4F50-BA99-F58DCDD947EE}.Release|Any CPU.Build.0 = Release|Any CPU
		{A3546C74-2B97-4AFF-98AE-1974EC4FBCAD}.Debug|Any CPU.ActiveCfg = Debug|Any CPU
		{A3546C74-2B97-4AFF-98AE-1974EC4FBCAD}.Debug|Any CPU.Build.0 = Debug|Any CPU
		{A3546C74-2B97-4AFF-98AE-1974EC4FBCAD}.Release|Any CPU.ActiveCfg = Release|Any CPU
		{A3546C74-2B97-4AFF-98AE-1974EC4FBCAD}.Release|Any CPU.Build.0 = Release|Any CPU
		{B9B7FB2F-3F8E-47B7-82E0-DABF8BB9319D}.Debug|Any CPU.ActiveCfg = Debug|Any CPU
		{B9B7FB2F-3F8E-47B7-82E0-DABF8BB9319D}.Debug|Any CPU.Build.0 = Debug|Any CPU
		{B9B7FB2F-3F8E-47B7-82E0-DABF8BB9319D}.Release|Any CPU.ActiveCfg = Release|Any CPU
		{B9B7FB2F-3F8E-47B7-82E0-DABF8BB9319D}.Release|Any CPU.Build.0 = Release|Any CPU
		{5FEE956D-EF6C-4C06-897F-5DD86A423E78}.Debug|Any CPU.ActiveCfg = Debug|Any CPU
		{5FEE956D-EF6C-4C06-897F-5DD86A423E78}.Debug|Any CPU.Build.0 = Debug|Any CPU
		{5FEE956D-EF6C-4C06-897F-5DD86A423E78}.Release|Any CPU.ActiveCfg = Release|Any CPU
		{5FEE956D-EF6C-4C06-897F-5DD86A423E78}.Release|Any CPU.Build.0 = Release|Any CPU
	EndGlobalSection
	GlobalSection(SolutionProperties) = preSolution
		HideSolutionNode = FALSE
	EndGlobalSection
	GlobalSection(NestedProjects) = preSolution
		{50E4C6BA-C882-40D7-A73E-9BD319F23336} = {150D87AA-2B17-4DAD-96B9-B143FBC3EA10}
		{B595F98B-C581-4633-9209-3E7CFF814F51} = {150D87AA-2B17-4DAD-96B9-B143FBC3EA10}
		{33D886C8-34BA-47FA-892C-CA4BBB109C14} = {32AF1B52-6138-4D83-8E65-8423F03AF76B}
		{D6D1A316-37F5-4A0D-81D1-4D5A48FB0610} = {38DFA0FA-D168-40A3-9A56-EA76DF6F76E1}
		{FF8A4DB7-C714-4F50-BA99-F58DCDD947EE} = {32AF1B52-6138-4D83-8E65-8423F03AF76B}
		{A3546C74-2B97-4AFF-98AE-1974EC4FBCAD} = {91429953-961D-4DF0-A667-ADEF59709746}
		{B9B7FB2F-3F8E-47B7-82E0-DABF8BB9319D} = {7C5EBEE2-69DE-4676-8B82-66813AF2B322}
		{5FEE956D-EF6C-4C06-897F-5DD86A423E78} = {7C5EBEE2-69DE-4676-8B82-66813AF2B322}
	EndGlobalSection
	GlobalSection(ExtensibilityGlobals) = postSolution
		SolutionGuid = {118DF03F-39B1-40D3-BF93-EECCAE0A85F0}
	EndGlobalSection
EndGlobal
